{
  "pins" : [
    {
      "identity" : "nifty-markdown-formatter",
      "kind" : "remoteSourceControl",
      "location" : "https://github.com/NiftyTreeStudios/Nifty-Markdown-Formatter.git",
      "state" : {
        "revision" : "13b9655285eaa163f4dad2442c0fe0e047cadadf"
      }
    }
  ],
  "version" : 2
}
