// !$*UTF8*$!
{
	archiveVersion = 1;
	classes = {
	};
	objectVersion = 56;
	objects = {

/* Begin PBXBuildFile section */
		CE222BD22B47386600550566 /* plain_page.swift in Sources */ = {isa = PBXBuildFile; fileRef = CE222B862B47386500550566 /* plain_page.swift */; };
		CE222BD32B47386600550566 /* widget_cache.swift in Sources */ = {isa = PBXBuildFile; fileRef = CE222B872B47386500550566 /* widget_cache.swift */; };
		CE222BD42B47386600550566 /* nav_page.swift in Sources */ = {isa = PBXBuildFile; fileRef = CE222B882B47386500550566 /* nav_page.swift */; };
		CE222BD52B47386600550566 /* markdown_page.swift in Sources */ = {isa = PBXBuildFile; fileRef = CE222B892B47386500550566 /* markdown_page.swift */; };
		CE222BD62B47386600550566 /* page.swift in Sources */ = {isa = PBXBuildFile; fileRef = CE222B8A2B47386500550566 /* page.swift */; };
		CE222BD72B47386600550566 /* error_text.swift in Sources */ = {isa = PBXBuildFile; fileRef = CE222B8C2B47386500550566 /* error_text.swift */; };
		CE222BD82B47386600550566 /* scroll.swift in Sources */ = {isa = PBXBuildFile; fileRef = CE222B8D2B47386500550566 /* scroll.swift */; };
		CE222BD92B47386600550566 /* back_button.swift in Sources */ = {isa = PBXBuildFile; fileRef = CE222B8E2B47386500550566 /* back_button.swift */; };
		CE222BDA2B47386600550566 /* empty.swift in Sources */ = {isa = PBXBuildFile; fileRef = CE222B8F2B47386500550566 /* empty.swift */; };
		CE222BDB2B47386600550566 /* selector.swift in Sources */ = {isa = PBXBuildFile; fileRef = CE222B902B47386500550566 /* selector.swift */; };
		CE222BDC2B47386600550566 /* image.swift in Sources */ = {isa = PBXBuildFile; fileRef = CE222B912B47386500550566 /* image.swift */; };
		CE222BDD2B47386600550566 /* widget_util.swift in Sources */ = {isa = PBXBuildFile; fileRef = CE222B922B47386500550566 /* widget_util.swift */; };
		CE222BDE2B47386600550566 /* column.swift in Sources */ = {isa = PBXBuildFile; fileRef = CE222B932B47386500550566 /* column.swift */; };
		CE222BDF2B47386600550566 /* grouped_row_table.swift in Sources */ = {isa = PBXBuildFile; fileRef = CE222B942B47386500550566 /* grouped_row_table.swift */; };
		CE222BE02B47386600550566 /* textfield.swift in Sources */ = {isa = PBXBuildFile; fileRef = CE222B952B47386500550566 /* textfield.swift */; };
		CE222BE12B47386600550566 /* media.swift in Sources */ = {isa = PBXBuildFile; fileRef = CE222B962B47386500550566 /* media.swift */; };
		CE222BE22B47386600550566 /* form.swift in Sources */ = {isa = PBXBuildFile; fileRef = CE222B972B47386500550566 /* form.swift */; };
		CE222BE32B47386600550566 /* form_section.swift in Sources */ = {isa = PBXBuildFile; fileRef = CE222B982B47386500550566 /* form_section.swift */; };
		CE222BE42B47386600550566 /* last_error_text.swift in Sources */ = {isa = PBXBuildFile; fileRef = CE222B992B47386500550566 /* last_error_text.swift */; };
		CE222BE52B47386600550566 /* form_button.swift in Sources */ = {isa = PBXBuildFile; fileRef = CE222B9A2B47386500550566 /* form_button.swift */; };
		CE222BE62B47386600550566 /* row.swift in Sources */ = {isa = PBXBuildFile; fileRef = CE222B9B2B47386500550566 /* row.swift */; };
		CE222BE72B47386600550566 /* widget.swift in Sources */ = {isa = PBXBuildFile; fileRef = CE222B9C2B47386500550566 /* widget.swift */; };
		CE222BE82B47386600550566 /* nav_button.swift in Sources */ = {isa = PBXBuildFile; fileRef = CE222B9D2B47386500550566 /* nav_button.swift */; };
		CE222BE92B47386600550566 /* checkbox.swift in Sources */ = {isa = PBXBuildFile; fileRef = CE222B9E2B47386500550566 /* checkbox.swift */; };
		CE222BEA2B47386600550566 /* text.swift in Sources */ = {isa = PBXBuildFile; fileRef = CE222B9F2B47386500550566 /* text.swift */; };
		CE222BEB2B47386600550566 /* button.swift in Sources */ = {isa = PBXBuildFile; fileRef = CE222BA02B47386500550566 /* button.swift */; };
		CE222BEC2B47386600550566 /* WallClock.swift in Sources */ = {isa = PBXBuildFile; fileRef = CE222BA22B47386500550566 /* WallClock.swift */; };
		CE222BED2B47386600550566 /* AtomicUInt64.swift in Sources */ = {isa = PBXBuildFile; fileRef = CE222BA32B47386500550566 /* AtomicUInt64.swift */; };
		CE222BEE2B47386600550566 /* ApplinMutex.swift in Sources */ = {isa = PBXBuildFile; fileRef = CE222BA42B47386500550566 /* ApplinMutex.swift */; };
		CE222BEF2B47386600550566 /* ApplinPromise.swift in Sources */ = {isa = PBXBuildFile; fileRef = CE222BA52B47386500550566 /* ApplinPromise.swift */; };
		CE222BF02B47386600550566 /* LamportClock.swift in Sources */ = {isa = PBXBuildFile; fileRef = CE222BA62B47386500550566 /* LamportClock.swift */; };
		CE222BF12B47386600550566 /* ApplinLock.swift in Sources */ = {isa = PBXBuildFile; fileRef = CE222BA72B47386500550566 /* ApplinLock.swift */; };
		CE222BF22B47386600550566 /* AtomicBool.swift in Sources */ = {isa = PBXBuildFile; fileRef = CE222BA82B47386500550566 /* AtomicBool.swift */; };
		CE222BF32B47386600550566 /* RetryMillis.swift in Sources */ = {isa = PBXBuildFile; fileRef = CE222BA92B47386500550566 /* RetryMillis.swift */; };
		CE222BF42B47386600550566 /* Weak.swift in Sources */ = {isa = PBXBuildFile; fileRef = CE222BAA2B47386500550566 /* Weak.swift */; };
		CE222BF52B47386600550566 /* ApplinApp.swift in Sources */ = {isa = PBXBuildFile; fileRef = CE222BAB2B47386500550566 /* ApplinApp.swift */; };
		CE222BF62B47386600550566 /* Label.swift in Sources */ = {isa = PBXBuildFile; fileRef = CE222BAD2B47386500550566 /* Label.swift */; };
		CE222BF72B47386600550566 /* row_view.swift in Sources */ = {isa = PBXBuildFile; fileRef = CE222BAE2B47386500550566 /* row_view.swift */; };
		CE222BF82B47386600550566 /* session_status.swift in Sources */ = {isa = PBXBuildFile; fileRef = CE222BAF2B47386500550566 /* session_status.swift */; };
		CE222BF92B47386600550566 /* column_view.swift in Sources */ = {isa = PBXBuildFile; fileRef = CE222BB02B47386500550566 /* column_view.swift */; };
		CE222BFA2B47386600550566 /* image_view.swift in Sources */ = {isa = PBXBuildFile; fileRef = CE222BB12B47386500550566 /* image_view.swift */; };
		CE222BFB2B47386600550566 /* table_view.swift in Sources */ = {isa = PBXBuildFile; fileRef = CE222BB22B47386500550566 /* table_view.swift */; };
		CE222BFC2B47386600550566 /* view_util.swift in Sources */ = {isa = PBXBuildFile; fileRef = CE222BB32B47386500550566 /* view_util.swift */; };
		CE222BFD2B47386600550566 /* working.swift in Sources */ = {isa = PBXBuildFile; fileRef = CE222BB42B47386500550566 /* working.swift */; };
		CE222BFE2B47386600550566 /* badge.swift in Sources */ = {isa = PBXBuildFile; fileRef = CE222BB52B47386500550566 /* badge.swift */; };
		CE222BFF2B47386600550566 /* NavigationController.swift in Sources */ = {isa = PBXBuildFile; fileRef = CE222BB62B47386500550566 /* NavigationController.swift */; };
		CE222C002B47386600550566 /* tappable_view.swift in Sources */ = {isa = PBXBuildFile; fileRef = CE222BB72B47386500550566 /* tappable_view.swift */; };
		CE222C012B47386600550566 /* ErrorView.swift in Sources */ = {isa = PBXBuildFile; fileRef = CE222BB82B47386500550566 /* ErrorView.swift */; };
		CE222C022B47386600550566 /* LoadingPageController.swift in Sources */ = {isa = PBXBuildFile; fileRef = CE222BB92B47386500550566 /* LoadingPageController.swift */; };
		CE222C032B47386600550566 /* PaddedLabel.swift in Sources */ = {isa = PBXBuildFile; fileRef = CE222BBA2B47386500550566 /* PaddedLabel.swift */; };
		CE222C042B47386600550566 /* NamedUIView.swift in Sources */ = {isa = PBXBuildFile; fileRef = CE222BBB2B47386500550566 /* NamedUIView.swift */; };
		CE222C052B47386600550566 /* ApplinCustomUrl.swift in Sources */ = {isa = PBXBuildFile; fileRef = CE222BBC2B47386500550566 /* ApplinCustomUrl.swift */; };
		CE222C062B47386600550566 /* StaticPages.swift in Sources */ = {isa = PBXBuildFile; fileRef = CE222BBD2B47386500550566 /* StaticPages.swift */; };
		CE222C072B47386600550566 /* ApplinLicenseKey.swift in Sources */ = {isa = PBXBuildFile; fileRef = CE222BBE2B47386500550566 /* ApplinLicenseKey.swift */; };
		CE222C082B47386600550566 /* ApplinConfig.swift in Sources */ = {isa = PBXBuildFile; fileRef = CE222BBF2B47386500550566 /* ApplinConfig.swift */; };
		CE222C092B47386600550566 /* connection.swift in Sources */ = {isa = PBXBuildFile; fileRef = CE222BC12B47386500550566 /* connection.swift */; };
		CE222C0A2B47386600550566 /* PhotoEditor.swift in Sources */ = {isa = PBXBuildFile; fileRef = CE222BC22B47386500550566 /* PhotoEditor.swift */; };
		CE222C0B2B47386600550566 /* VarSet.swift in Sources */ = {isa = PBXBuildFile; fileRef = CE222BC32B47386500550566 /* VarSet.swift */; };
		CE222C0C2B47386600550566 /* error.swift in Sources */ = {isa = PBXBuildFile; fileRef = CE222BC42B47386500550566 /* error.swift */; };
		CE222C0D2B47386600550566 /* ServerCaller.swift in Sources */ = {isa = PBXBuildFile; fileRef = CE222BC52B47386500550566 /* ServerCaller.swift */; };
		CE222C0E2B47386600550566 /* PhotoTaker.swift in Sources */ = {isa = PBXBuildFile; fileRef = CE222BC62B47386500550566 /* PhotoTaker.swift */; };
		CE222C0F2B47386600550566 /* PageStack.swift in Sources */ = {isa = PBXBuildFile; fileRef = CE222BC72B47386500550566 /* PageStack.swift */; };
		CE222C102B47386600550566 /* state_file.swift in Sources */ = {isa = PBXBuildFile; fileRef = CE222BC82B47386500550566 /* state_file.swift */; };
		CE222C112B47386600550566 /* Poller.swift in Sources */ = {isa = PBXBuildFile; fileRef = CE222BC92B47386500550566 /* Poller.swift */; };
		CE222C122B47386600550566 /* json.swift in Sources */ = {isa = PBXBuildFile; fileRef = CE222BCA2B47386500550566 /* json.swift */; };
		CE222C132B47386600550566 /* cookies.swift in Sources */ = {isa = PBXBuildFile; fileRef = CE222BCB2B47386500550566 /* cookies.swift */; };
		CE222C142B47386600550566 /* util.swift in Sources */ = {isa = PBXBuildFile; fileRef = CE222BCC2B47386500550566 /* util.swift */; };
		CE222C152B47386600550566 /* json_item.swift in Sources */ = {isa = PBXBuildFile; fileRef = CE222BCD2B47386500550566 /* json_item.swift */; };
		CE222C162B47386600550566 /* ForegounrdPoller.swift in Sources */ = {isa = PBXBuildFile; fileRef = CE222BCE2B47386500550566 /* ForegounrdPoller.swift */; };
		CE222C172B47386600550566 /* streamer.swift in Sources */ = {isa = PBXBuildFile; fileRef = CE222BCF2B47386500550566 /* streamer.swift */; };
		CE222C182B47386600550566 /* action.swift in Sources */ = {isa = PBXBuildFile; fileRef = CE222BD02B47386500550566 /* action.swift */; };
		CE222C192B47386600550566 /* PhotoPicker.swift in Sources */ = {isa = PBXBuildFile; fileRef = CE222BD12B47386500550566 /* PhotoPicker.swift */; };
		CE7180932A8BF8AE00509251 /* Tests.swift in Sources */ = {isa = PBXBuildFile; fileRef = CE7180922A8BF8AE00509251 /* Tests.swift */; };
		CE7180942A8BF8AE00509251 /* libApplinIos.a in Frameworks */ = {isa = PBXBuildFile; fileRef = CE717FD12A8BF65C00509251 /* libApplinIos.a */; };
		CE7180A12A8BF8D500509251 /* UITests.swift in Sources */ = {isa = PBXBuildFile; fileRef = CE7180A02A8BF8D500509251 /* UITests.swift */; };
		CE7180A32A8BF8D500509251 /* UITestsLaunchTests.swift in Sources */ = {isa = PBXBuildFile; fileRef = CE7180A22A8BF8D500509251 /* UITestsLaunchTests.swift */; };
		CE7180A92A8BF8EF00509251 /* applin_iosTests.swift in Sources */ = {isa = PBXBuildFile; fileRef = CE7180A72A8BF8EF00509251 /* applin_iosTests.swift */; };
		CE7180AA2A8BF8EF00509251 /* widget_cache_test.swift in Sources */ = {isa = PBXBuildFile; fileRef = CE7180A82A8BF8EF00509251 /* widget_cache_test.swift */; };
/* End PBXBuildFile section */

/* Begin PBXContainerItemProxy section */
		CE7180952A8BF8AE00509251 /* PBXContainerItemProxy */ = {
			isa = PBXContainerItemProxy;
			containerPortal = CE717FC92A8BF65C00509251 /* Project object */;
			proxyType = 1;
			remoteGlobalIDString = CE717FD02A8BF65C00509251;
			remoteInfo = ApplinIos;
		};
/* End PBXContainerItemProxy section */

/* Begin PBXCopyFilesBuildPhase section */
		CE717FCF2A8BF65C00509251 /* CopyFiles */ = {
			isa = PBXCopyFilesBuildPhase;
			buildActionMask = 2147483647;
			dstPath = "include/$(PRODUCT_NAME)";
			dstSubfolderSpec = 16;
			files = (
			);
			runOnlyForDeploymentPostprocessing = 0;
		};
/* End PBXCopyFilesBuildPhase section */

/* Begin PBXFileReference section */
		CE222B862B47386500550566 /* plain_page.swift */ = {isa = PBXFileReference; fileEncoding = 4; lastKnownFileType = sourcecode.swift; path = plain_page.swift; sourceTree = "<group>"; };
		CE222B872B47386500550566 /* widget_cache.swift */ = {isa = PBXFileReference; fileEncoding = 4; lastKnownFileType = sourcecode.swift; path = widget_cache.swift; sourceTree = "<group>"; };
		CE222B882B47386500550566 /* nav_page.swift */ = {isa = PBXFileReference; fileEncoding = 4; lastKnownFileType = sourcecode.swift; path = nav_page.swift; sourceTree = "<group>"; };
		CE222B892B47386500550566 /* markdown_page.swift */ = {isa = PBXFileReference; fileEncoding = 4; lastKnownFileType = sourcecode.swift; path = markdown_page.swift; sourceTree = "<group>"; };
		CE222B8A2B47386500550566 /* page.swift */ = {isa = PBXFileReference; fileEncoding = 4; lastKnownFileType = sourcecode.swift; path = page.swift; sourceTree = "<group>"; };
		CE222B8C2B47386500550566 /* error_text.swift */ = {isa = PBXFileReference; fileEncoding = 4; lastKnownFileType = sourcecode.swift; path = error_text.swift; sourceTree = "<group>"; };
		CE222B8D2B47386500550566 /* scroll.swift */ = {isa = PBXFileReference; fileEncoding = 4; lastKnownFileType = sourcecode.swift; path = scroll.swift; sourceTree = "<group>"; };
		CE222B8E2B47386500550566 /* back_button.swift */ = {isa = PBXFileReference; fileEncoding = 4; lastKnownFileType = sourcecode.swift; path = back_button.swift; sourceTree = "<group>"; };
		CE222B8F2B47386500550566 /* empty.swift */ = {isa = PBXFileReference; fileEncoding = 4; lastKnownFileType = sourcecode.swift; path = empty.swift; sourceTree = "<group>"; };
		CE222B902B47386500550566 /* selector.swift */ = {isa = PBXFileReference; fileEncoding = 4; lastKnownFileType = sourcecode.swift; path = selector.swift; sourceTree = "<group>"; };
		CE222B912B47386500550566 /* image.swift */ = {isa = PBXFileReference; fileEncoding = 4; lastKnownFileType = sourcecode.swift; path = image.swift; sourceTree = "<group>"; };
		CE222B922B47386500550566 /* widget_util.swift */ = {isa = PBXFileReference; fileEncoding = 4; lastKnownFileType = sourcecode.swift; path = widget_util.swift; sourceTree = "<group>"; };
		CE222B932B47386500550566 /* column.swift */ = {isa = PBXFileReference; fileEncoding = 4; lastKnownFileType = sourcecode.swift; path = column.swift; sourceTree = "<group>"; };
		CE222B942B47386500550566 /* grouped_row_table.swift */ = {isa = PBXFileReference; fileEncoding = 4; lastKnownFileType = sourcecode.swift; path = grouped_row_table.swift; sourceTree = "<group>"; };
		CE222B952B47386500550566 /* textfield.swift */ = {isa = PBXFileReference; fileEncoding = 4; lastKnownFileType = sourcecode.swift; path = textfield.swift; sourceTree = "<group>"; };
		CE222B962B47386500550566 /* media.swift */ = {isa = PBXFileReference; fileEncoding = 4; lastKnownFileType = sourcecode.swift; path = media.swift; sourceTree = "<group>"; };
		CE222B972B47386500550566 /* form.swift */ = {isa = PBXFileReference; fileEncoding = 4; lastKnownFileType = sourcecode.swift; path = form.swift; sourceTree = "<group>"; };
		CE222B982B47386500550566 /* form_section.swift */ = {isa = PBXFileReference; fileEncoding = 4; lastKnownFileType = sourcecode.swift; path = form_section.swift; sourceTree = "<group>"; };
		CE222B992B47386500550566 /* last_error_text.swift */ = {isa = PBXFileReference; fileEncoding = 4; lastKnownFileType = sourcecode.swift; path = last_error_text.swift; sourceTree = "<group>"; };
		CE222B9A2B47386500550566 /* form_button.swift */ = {isa = PBXFileReference; fileEncoding = 4; lastKnownFileType = sourcecode.swift; path = form_button.swift; sourceTree = "<group>"; };
		CE222B9B2B47386500550566 /* row.swift */ = {isa = PBXFileReference; fileEncoding = 4; lastKnownFileType = sourcecode.swift; path = row.swift; sourceTree = "<group>"; };
		CE222B9C2B47386500550566 /* widget.swift */ = {isa = PBXFileReference; fileEncoding = 4; lastKnownFileType = sourcecode.swift; path = widget.swift; sourceTree = "<group>"; };
		CE222B9D2B47386500550566 /* nav_button.swift */ = {isa = PBXFileReference; fileEncoding = 4; lastKnownFileType = sourcecode.swift; path = nav_button.swift; sourceTree = "<group>"; };
		CE222B9E2B47386500550566 /* checkbox.swift */ = {isa = PBXFileReference; fileEncoding = 4; lastKnownFileType = sourcecode.swift; path = checkbox.swift; sourceTree = "<group>"; };
		CE222B9F2B47386500550566 /* text.swift */ = {isa = PBXFileReference; fileEncoding = 4; lastKnownFileType = sourcecode.swift; path = text.swift; sourceTree = "<group>"; };
		CE222BA02B47386500550566 /* button.swift */ = {isa = PBXFileReference; fileEncoding = 4; lastKnownFileType = sourcecode.swift; path = button.swift; sourceTree = "<group>"; };
		CE222BA22B47386500550566 /* WallClock.swift */ = {isa = PBXFileReference; fileEncoding = 4; lastKnownFileType = sourcecode.swift; path = WallClock.swift; sourceTree = "<group>"; };
		CE222BA32B47386500550566 /* AtomicUInt64.swift */ = {isa = PBXFileReference; fileEncoding = 4; lastKnownFileType = sourcecode.swift; path = AtomicUInt64.swift; sourceTree = "<group>"; };
		CE222BA42B47386500550566 /* ApplinMutex.swift */ = {isa = PBXFileReference; fileEncoding = 4; lastKnownFileType = sourcecode.swift; path = ApplinMutex.swift; sourceTree = "<group>"; };
		CE222BA52B47386500550566 /* ApplinPromise.swift */ = {isa = PBXFileReference; fileEncoding = 4; lastKnownFileType = sourcecode.swift; path = ApplinPromise.swift; sourceTree = "<group>"; };
		CE222BA62B47386500550566 /* LamportClock.swift */ = {isa = PBXFileReference; fileEncoding = 4; lastKnownFileType = sourcecode.swift; path = LamportClock.swift; sourceTree = "<group>"; };
		CE222BA72B47386500550566 /* ApplinLock.swift */ = {isa = PBXFileReference; fileEncoding = 4; lastKnownFileType = sourcecode.swift; path = ApplinLock.swift; sourceTree = "<group>"; };
		CE222BA82B47386500550566 /* AtomicBool.swift */ = {isa = PBXFileReference; fileEncoding = 4; lastKnownFileType = sourcecode.swift; path = AtomicBool.swift; sourceTree = "<group>"; };
		CE222BA92B47386500550566 /* RetryMillis.swift */ = {isa = PBXFileReference; fileEncoding = 4; lastKnownFileType = sourcecode.swift; path = RetryMillis.swift; sourceTree = "<group>"; };
		CE222BAA2B47386500550566 /* Weak.swift */ = {isa = PBXFileReference; fileEncoding = 4; lastKnownFileType = sourcecode.swift; path = Weak.swift; sourceTree = "<group>"; };
		CE222BAB2B47386500550566 /* ApplinApp.swift */ = {isa = PBXFileReference; fileEncoding = 4; lastKnownFileType = sourcecode.swift; path = ApplinApp.swift; sourceTree = "<group>"; };
		CE222BAD2B47386500550566 /* Label.swift */ = {isa = PBXFileReference; fileEncoding = 4; lastKnownFileType = sourcecode.swift; path = Label.swift; sourceTree = "<group>"; };
		CE222BAE2B47386500550566 /* row_view.swift */ = {isa = PBXFileReference; fileEncoding = 4; lastKnownFileType = sourcecode.swift; path = row_view.swift; sourceTree = "<group>"; };
		CE222BAF2B47386500550566 /* session_status.swift */ = {isa = PBXFileReference; fileEncoding = 4; lastKnownFileType = sourcecode.swift; path = session_status.swift; sourceTree = "<group>"; };
		CE222BB02B47386500550566 /* column_view.swift */ = {isa = PBXFileReference; fileEncoding = 4; lastKnownFileType = sourcecode.swift; path = column_view.swift; sourceTree = "<group>"; };
		CE222BB12B47386500550566 /* image_view.swift */ = {isa = PBXFileReference; fileEncoding = 4; lastKnownFileType = sourcecode.swift; path = image_view.swift; sourceTree = "<group>"; };
		CE222BB22B47386500550566 /* table_view.swift */ = {isa = PBXFileReference; fileEncoding = 4; lastKnownFileType = sourcecode.swift; path = table_view.swift; sourceTree = "<group>"; };
		CE222BB32B47386500550566 /* view_util.swift */ = {isa = PBXFileReference; fileEncoding = 4; lastKnownFileType = sourcecode.swift; path = view_util.swift; sourceTree = "<group>"; };
		CE222BB42B47386500550566 /* working.swift */ = {isa = PBXFileReference; fileEncoding = 4; lastKnownFileType = sourcecode.swift; path = working.swift; sourceTree = "<group>"; };
		CE222BB52B47386500550566 /* badge.swift */ = {isa = PBXFileReference; fileEncoding = 4; lastKnownFileType = sourcecode.swift; path = badge.swift; sourceTree = "<group>"; };
		CE222BB62B47386500550566 /* NavigationController.swift */ = {isa = PBXFileReference; fileEncoding = 4; lastKnownFileType = sourcecode.swift; path = NavigationController.swift; sourceTree = "<group>"; };
		CE222BB72B47386500550566 /* tappable_view.swift */ = {isa = PBXFileReference; fileEncoding = 4; lastKnownFileType = sourcecode.swift; path = tappable_view.swift; sourceTree = "<group>"; };
		CE222BB82B47386500550566 /* ErrorView.swift */ = {isa = PBXFileReference; fileEncoding = 4; lastKnownFileType = sourcecode.swift; path = ErrorView.swift; sourceTree = "<group>"; };
		CE222BB92B47386500550566 /* LoadingPageController.swift */ = {isa = PBXFileReference; fileEncoding = 4; lastKnownFileType = sourcecode.swift; path = LoadingPageController.swift; sourceTree = "<group>"; };
		CE222BBA2B47386500550566 /* PaddedLabel.swift */ = {isa = PBXFileReference; fileEncoding = 4; lastKnownFileType = sourcecode.swift; path = PaddedLabel.swift; sourceTree = "<group>"; };
		CE222BBB2B47386500550566 /* NamedUIView.swift */ = {isa = PBXFileReference; fileEncoding = 4; lastKnownFileType = sourcecode.swift; path = NamedUIView.swift; sourceTree = "<group>"; };
		CE222BBC2B47386500550566 /* ApplinCustomUrl.swift */ = {isa = PBXFileReference; fileEncoding = 4; lastKnownFileType = sourcecode.swift; path = ApplinCustomUrl.swift; sourceTree = "<group>"; };
		CE222BBD2B47386500550566 /* StaticPages.swift */ = {isa = PBXFileReference; fileEncoding = 4; lastKnownFileType = sourcecode.swift; path = StaticPages.swift; sourceTree = "<group>"; };
		CE222BBE2B47386500550566 /* ApplinLicenseKey.swift */ = {isa = PBXFileReference; fileEncoding = 4; lastKnownFileType = sourcecode.swift; path = ApplinLicenseKey.swift; sourceTree = "<group>"; };
		CE222BBF2B47386500550566 /* ApplinConfig.swift */ = {isa = PBXFileReference; fileEncoding = 4; lastKnownFileType = sourcecode.swift; path = ApplinConfig.swift; sourceTree = "<group>"; };
		CE222BC12B47386500550566 /* connection.swift */ = {isa = PBXFileReference; fileEncoding = 4; lastKnownFileType = sourcecode.swift; path = connection.swift; sourceTree = "<group>"; };
		CE222BC22B47386500550566 /* PhotoEditor.swift */ = {isa = PBXFileReference; fileEncoding = 4; lastKnownFileType = sourcecode.swift; path = PhotoEditor.swift; sourceTree = "<group>"; };
		CE222BC32B47386500550566 /* VarSet.swift */ = {isa = PBXFileReference; fileEncoding = 4; lastKnownFileType = sourcecode.swift; path = VarSet.swift; sourceTree = "<group>"; };
		CE222BC42B47386500550566 /* error.swift */ = {isa = PBXFileReference; fileEncoding = 4; lastKnownFileType = sourcecode.swift; path = error.swift; sourceTree = "<group>"; };
		CE222BC52B47386500550566 /* ServerCaller.swift */ = {isa = PBXFileReference; fileEncoding = 4; lastKnownFileType = sourcecode.swift; path = ServerCaller.swift; sourceTree = "<group>"; };
		CE222BC62B47386500550566 /* PhotoTaker.swift */ = {isa = PBXFileReference; fileEncoding = 4; lastKnownFileType = sourcecode.swift; path = PhotoTaker.swift; sourceTree = "<group>"; };
		CE222BC72B47386500550566 /* PageStack.swift */ = {isa = PBXFileReference; fileEncoding = 4; lastKnownFileType = sourcecode.swift; path = PageStack.swift; sourceTree = "<group>"; };
		CE222BC82B47386500550566 /* state_file.swift */ = {isa = PBXFileReference; fileEncoding = 4; lastKnownFileType = sourcecode.swift; path = state_file.swift; sourceTree = "<group>"; };
		CE222BC92B47386500550566 /* Poller.swift */ = {isa = PBXFileReference; fileEncoding = 4; lastKnownFileType = sourcecode.swift; path = Poller.swift; sourceTree = "<group>"; };
		CE222BCA2B47386500550566 /* json.swift */ = {isa = PBXFileReference; fileEncoding = 4; lastKnownFileType = sourcecode.swift; path = json.swift; sourceTree = "<group>"; };
		CE222BCB2B47386500550566 /* cookies.swift */ = {isa = PBXFileReference; fileEncoding = 4; lastKnownFileType = sourcecode.swift; path = cookies.swift; sourceTree = "<group>"; };
		CE222BCC2B47386500550566 /* util.swift */ = {isa = PBXFileReference; fileEncoding = 4; lastKnownFileType = sourcecode.swift; path = util.swift; sourceTree = "<group>"; };
		CE222BCD2B47386500550566 /* json_item.swift */ = {isa = PBXFileReference; fileEncoding = 4; lastKnownFileType = sourcecode.swift; path = json_item.swift; sourceTree = "<group>"; };
		CE222BCE2B47386500550566 /* ForegounrdPoller.swift */ = {isa = PBXFileReference; fileEncoding = 4; lastKnownFileType = sourcecode.swift; path = ForegounrdPoller.swift; sourceTree = "<group>"; };
		CE222BCF2B47386500550566 /* streamer.swift */ = {isa = PBXFileReference; fileEncoding = 4; lastKnownFileType = sourcecode.swift; path = streamer.swift; sourceTree = "<group>"; };
		CE222BD02B47386500550566 /* action.swift */ = {isa = PBXFileReference; fileEncoding = 4; lastKnownFileType = sourcecode.swift; path = action.swift; sourceTree = "<group>"; };
		CE222BD12B47386500550566 /* PhotoPicker.swift */ = {isa = PBXFileReference; fileEncoding = 4; lastKnownFileType = sourcecode.swift; path = PhotoPicker.swift; sourceTree = "<group>"; };
		CE222C1A2B473CA300550566 /* ApplinIos.xctestplan */ = {isa = PBXFileReference; lastKnownFileType = text; path = ApplinIos.xctestplan; sourceTree = "<group>"; };
		CE717FD12A8BF65C00509251 /* libApplinIos.a */ = {isa = PBXFileReference; explicitFileType = archive.ar; includeInIndex = 0; path = libApplinIos.a; sourceTree = BUILT_PRODUCTS_DIR; };
		CE71808A2A8BF86000509251 /* Protocol.md */ = {isa = PBXFileReference; lastKnownFileType = net.daringfireball.markdown; path = Protocol.md; sourceTree = "<group>"; };
		CE71808B2A8BF86100509251 /* Readme.md */ = {isa = PBXFileReference; lastKnownFileType = net.daringfireball.markdown; path = Readme.md; sourceTree = "<group>"; };
		CE7180902A8BF8AE00509251 /* Tests.xctest */ = {isa = PBXFileReference; explicitFileType = wrapper.cfbundle; includeInIndex = 0; path = Tests.xctest; sourceTree = BUILT_PRODUCTS_DIR; };
		CE7180922A8BF8AE00509251 /* Tests.swift */ = {isa = PBXFileReference; lastKnownFileType = sourcecode.swift; path = Tests.swift; sourceTree = "<group>"; };
		CE71809E2A8BF8D500509251 /* UITests.xctest */ = {isa = PBXFileReference; explicitFileType = wrapper.cfbundle; includeInIndex = 0; path = UITests.xctest; sourceTree = BUILT_PRODUCTS_DIR; };
		CE7180A02A8BF8D500509251 /* UITests.swift */ = {isa = PBXFileReference; lastKnownFileType = sourcecode.swift; path = UITests.swift; sourceTree = "<group>"; };
		CE7180A22A8BF8D500509251 /* UITestsLaunchTests.swift */ = {isa = PBXFileReference; lastKnownFileType = sourcecode.swift; path = UITestsLaunchTests.swift; sourceTree = "<group>"; };
		CE7180A72A8BF8EF00509251 /* applin_iosTests.swift */ = {isa = PBXFileReference; fileEncoding = 4; lastKnownFileType = sourcecode.swift; path = applin_iosTests.swift; sourceTree = "<group>"; };
		CE7180A82A8BF8EF00509251 /* widget_cache_test.swift */ = {isa = PBXFileReference; fileEncoding = 4; lastKnownFileType = sourcecode.swift; path = widget_cache_test.swift; sourceTree = "<group>"; };
		CE7180AF2A8BF97B00509251 /* Package.swift */ = {isa = PBXFileReference; lastKnownFileType = sourcecode.swift; path = Package.swift; sourceTree = "<group>"; };
/* End PBXFileReference section */

/* Begin PBXFrameworksBuildPhase section */
		CE717FCE2A8BF65C00509251 /* Frameworks */ = {
			isa = PBXFrameworksBuildPhase;
			buildActionMask = 2147483647;
			files = (
			);
			runOnlyForDeploymentPostprocessing = 0;
		};
		CE71808D2A8BF8AE00509251 /* Frameworks */ = {
			isa = PBXFrameworksBuildPhase;
			buildActionMask = 2147483647;
			files = (
				CE7180942A8BF8AE00509251 /* libApplinIos.a in Frameworks */,
			);
			runOnlyForDeploymentPostprocessing = 0;
		};
		CE71809B2A8BF8D500509251 /* Frameworks */ = {
			isa = PBXFrameworksBuildPhase;
			buildActionMask = 2147483647;
			files = (
			);
			runOnlyForDeploymentPostprocessing = 0;
		};
/* End PBXFrameworksBuildPhase section */

/* Begin PBXGroup section */
		CE222B842B47386500550566 /* ApplinIos */ = {
			isa = PBXGroup;
			children = (
				CE222B852B47386500550566 /* page */,
				CE222BC02B47386500550566 /* session */,
				CE222BA12B47386500550566 /* util */,
				CE222BAC2B47386500550566 /* view */,
				CE222B8B2B47386500550566 /* widget */,
				CE222BAB2B47386500550566 /* ApplinApp.swift */,
				CE222BBF2B47386500550566 /* ApplinConfig.swift */,
				CE222BBC2B47386500550566 /* ApplinCustomUrl.swift */,
				CE222BBE2B47386500550566 /* ApplinLicenseKey.swift */,
				CE222BBD2B47386500550566 /* StaticPages.swift */,
			);
			path = ApplinIos;
			sourceTree = "<group>";
		};
		CE222B852B47386500550566 /* page */ = {
			isa = PBXGroup;
			children = (
				CE222B8A2B47386500550566 /* page.swift */,
				CE222B862B47386500550566 /* plain_page.swift */,
				CE222B892B47386500550566 /* markdown_page.swift */,
				CE222B882B47386500550566 /* nav_page.swift */,
				CE222B872B47386500550566 /* widget_cache.swift */,
			);
			path = page;
			sourceTree = "<group>";
		};
		CE222B8B2B47386500550566 /* widget */ = {
			isa = PBXGroup;
			children = (
				CE222B8C2B47386500550566 /* error_text.swift */,
				CE222B8D2B47386500550566 /* scroll.swift */,
				CE222B8E2B47386500550566 /* back_button.swift */,
				CE222B8F2B47386500550566 /* empty.swift */,
				CE222B902B47386500550566 /* selector.swift */,
				CE222B912B47386500550566 /* image.swift */,
				CE222B922B47386500550566 /* widget_util.swift */,
				CE222B932B47386500550566 /* column.swift */,
				CE222B942B47386500550566 /* grouped_row_table.swift */,
				CE222B952B47386500550566 /* textfield.swift */,
				CE222B962B47386500550566 /* media.swift */,
				CE222B972B47386500550566 /* form.swift */,
				CE222B982B47386500550566 /* form_section.swift */,
				CE222B992B47386500550566 /* last_error_text.swift */,
				CE222B9A2B47386500550566 /* form_button.swift */,
				CE222B9B2B47386500550566 /* row.swift */,
				CE222B9C2B47386500550566 /* widget.swift */,
				CE222B9D2B47386500550566 /* nav_button.swift */,
				CE222B9E2B47386500550566 /* checkbox.swift */,
				CE222B9F2B47386500550566 /* text.swift */,
				CE222BA02B47386500550566 /* button.swift */,
			);
			path = widget;
			sourceTree = "<group>";
		};
		CE222BA12B47386500550566 /* util */ = {
			isa = PBXGroup;
			children = (
				CE222BA22B47386500550566 /* WallClock.swift */,
				CE222BA32B47386500550566 /* AtomicUInt64.swift */,
				CE222BA42B47386500550566 /* ApplinMutex.swift */,
				CE222BA52B47386500550566 /* ApplinPromise.swift */,
				CE222BA62B47386500550566 /* LamportClock.swift */,
				CE222BA72B47386500550566 /* ApplinLock.swift */,
				CE222BA82B47386500550566 /* AtomicBool.swift */,
				CE222BA92B47386500550566 /* RetryMillis.swift */,
				CE222BAA2B47386500550566 /* Weak.swift */,
			);
			path = util;
			sourceTree = "<group>";
		};
		CE222BAC2B47386500550566 /* view */ = {
			isa = PBXGroup;
			children = (
				CE222BAD2B47386500550566 /* Label.swift */,
				CE222BAE2B47386500550566 /* row_view.swift */,
				CE222BAF2B47386500550566 /* session_status.swift */,
				CE222BB02B47386500550566 /* column_view.swift */,
				CE222BB12B47386500550566 /* image_view.swift */,
				CE222BB22B47386500550566 /* table_view.swift */,
				CE222BB32B47386500550566 /* view_util.swift */,
				CE222BB42B47386500550566 /* working.swift */,
				CE222BB52B47386500550566 /* badge.swift */,
				CE222BB62B47386500550566 /* NavigationController.swift */,
				CE222BB72B47386500550566 /* tappable_view.swift */,
				CE222BB82B47386500550566 /* ErrorView.swift */,
				CE222BB92B47386500550566 /* LoadingPageController.swift */,
				CE222BBA2B47386500550566 /* PaddedLabel.swift */,
				CE222BBB2B47386500550566 /* NamedUIView.swift */,
			);
			path = view;
			sourceTree = "<group>";
		};
		CE222BC02B47386500550566 /* session */ = {
			isa = PBXGroup;
			children = (
				CE222BC12B47386500550566 /* connection.swift */,
				CE222BC22B47386500550566 /* PhotoEditor.swift */,
				CE222BC32B47386500550566 /* VarSet.swift */,
				CE222BC42B47386500550566 /* error.swift */,
				CE222BC52B47386500550566 /* ServerCaller.swift */,
				CE222BC62B47386500550566 /* PhotoTaker.swift */,
				CE222BC72B47386500550566 /* PageStack.swift */,
				CE222BC82B47386500550566 /* state_file.swift */,
				CE222BC92B47386500550566 /* Poller.swift */,
				CE222BCA2B47386500550566 /* json.swift */,
				CE222BCB2B47386500550566 /* cookies.swift */,
				CE222BCC2B47386500550566 /* util.swift */,
				CE222BCD2B47386500550566 /* json_item.swift */,
				CE222BCE2B47386500550566 /* ForegounrdPoller.swift */,
				CE222BCF2B47386500550566 /* streamer.swift */,
				CE222BD02B47386500550566 /* action.swift */,
				CE222BD12B47386500550566 /* PhotoPicker.swift */,
			);
			path = session;
			sourceTree = "<group>";
		};
		CE330B632A8BFBFA005725F9 /* Tests */ = {
			isa = PBXGroup;
			children = (
				CE7180912A8BF8AE00509251 /* Tests */,
				CE71809F2A8BF8D500509251 /* UITests */,
			);
			path = Tests;
			sourceTree = "<group>";
		};
		CE717FC82A8BF65C00509251 = {
			isa = PBXGroup;
			children = (
				CE222C1A2B473CA300550566 /* ApplinIos.xctestplan */,
				CE330B632A8BFBFA005725F9 /* Tests */,
				CE717FD32A8BF65C00509251 /* Sources */,
				CE7180AF2A8BF97B00509251 /* Package.swift */,
				CE71808A2A8BF86000509251 /* Protocol.md */,
				CE71808B2A8BF86100509251 /* Readme.md */,
				CE717FD22A8BF65C00509251 /* Products */,
			);
			sourceTree = "<group>";
		};
		CE717FD22A8BF65C00509251 /* Products */ = {
			isa = PBXGroup;
			children = (
				CE717FD12A8BF65C00509251 /* libApplinIos.a */,
				CE7180902A8BF8AE00509251 /* Tests.xctest */,
				CE71809E2A8BF8D500509251 /* UITests.xctest */,
			);
			name = Products;
			sourceTree = "<group>";
		};
		CE717FD32A8BF65C00509251 /* Sources */ = {
			isa = PBXGroup;
			children = (
				CE222B842B47386500550566 /* ApplinIos */,
			);
			path = Sources;
			sourceTree = "<group>";
		};
		CE7180912A8BF8AE00509251 /* Tests */ = {
			isa = PBXGroup;
			children = (
				CE7180A72A8BF8EF00509251 /* applin_iosTests.swift */,
				CE7180A82A8BF8EF00509251 /* widget_cache_test.swift */,
				CE7180922A8BF8AE00509251 /* Tests.swift */,
			);
			path = Tests;
			sourceTree = "<group>";
		};
		CE71809F2A8BF8D500509251 /* UITests */ = {
			isa = PBXGroup;
			children = (
				CE7180A02A8BF8D500509251 /* UITests.swift */,
				CE7180A22A8BF8D500509251 /* UITestsLaunchTests.swift */,
			);
			path = UITests;
			sourceTree = "<group>";
		};
/* End PBXGroup section */

/* Begin PBXNativeTarget section */
		CE717FD02A8BF65C00509251 /* ApplinIos */ = {
			isa = PBXNativeTarget;
			buildConfigurationList = CE717FD82A8BF65C00509251 /* Build configuration list for PBXNativeTarget "ApplinIos" */;
			buildPhases = (
				CE717FCD2A8BF65C00509251 /* Sources */,
				CE717FCE2A8BF65C00509251 /* Frameworks */,
				CE717FCF2A8BF65C00509251 /* CopyFiles */,
			);
			buildRules = (
			);
			dependencies = (
			);
			name = ApplinIos;
			productName = ApplinIos;
			productReference = CE717FD12A8BF65C00509251 /* libApplinIos.a */;
			productType = "com.apple.product-type.library.static";
		};
		CE71808F2A8BF8AE00509251 /* Tests */ = {
			isa = PBXNativeTarget;
			buildConfigurationList = CE7180972A8BF8AE00509251 /* Build configuration list for PBXNativeTarget "Tests" */;
			buildPhases = (
				CE71808C2A8BF8AE00509251 /* Sources */,
				CE71808D2A8BF8AE00509251 /* Frameworks */,
				CE71808E2A8BF8AE00509251 /* Resources */,
			);
			buildRules = (
			);
			dependencies = (
				CE7180962A8BF8AE00509251 /* PBXTargetDependency */,
			);
			name = Tests;
			productName = Tests;
			productReference = CE7180902A8BF8AE00509251 /* Tests.xctest */;
			productType = "com.apple.product-type.bundle.unit-test";
		};
		CE71809D2A8BF8D500509251 /* UITests */ = {
			isa = PBXNativeTarget;
			buildConfigurationList = CE7180A42A8BF8D500509251 /* Build configuration list for PBXNativeTarget "UITests" */;
			buildPhases = (
				CE71809A2A8BF8D500509251 /* Sources */,
				CE71809B2A8BF8D500509251 /* Frameworks */,
				CE71809C2A8BF8D500509251 /* Resources */,
			);
			buildRules = (
			);
			dependencies = (
			);
			name = UITests;
			productName = UITests;
			productReference = CE71809E2A8BF8D500509251 /* UITests.xctest */;
			productType = "com.apple.product-type.bundle.ui-testing";
		};
/* End PBXNativeTarget section */

/* Begin PBXProject section */
		CE717FC92A8BF65C00509251 /* Project object */ = {
			isa = PBXProject;
			attributes = {
				BuildIndependentTargetsInParallel = 1;
				LastSwiftUpdateCheck = 1420;
				LastUpgradeCheck = 1420;
				TargetAttributes = {
					CE717FD02A8BF65C00509251 = {
						CreatedOnToolsVersion = 14.2;
					};
					CE71808F2A8BF8AE00509251 = {
						CreatedOnToolsVersion = 14.2;
					};
					CE71809D2A8BF8D500509251 = {
						CreatedOnToolsVersion = 14.2;
					};
				};
			};
			buildConfigurationList = CE717FCC2A8BF65C00509251 /* Build configuration list for PBXProject "ApplinIos" */;
			compatibilityVersion = "Xcode 14.0";
			developmentRegion = en;
			hasScannedForEncodings = 0;
			knownRegions = (
				en,
				Base,
			);
			mainGroup = CE717FC82A8BF65C00509251;
			productRefGroup = CE717FD22A8BF65C00509251 /* Products */;
			projectDirPath = "";
			projectRoot = "";
			targets = (
				CE717FD02A8BF65C00509251 /* ApplinIos */,
				CE71808F2A8BF8AE00509251 /* Tests */,
				CE71809D2A8BF8D500509251 /* UITests */,
			);
		};
/* End PBXProject section */

/* Begin PBXResourcesBuildPhase section */
		CE71808E2A8BF8AE00509251 /* Resources */ = {
			isa = PBXResourcesBuildPhase;
			buildActionMask = 2147483647;
			files = (
			);
			runOnlyForDeploymentPostprocessing = 0;
		};
		CE71809C2A8BF8D500509251 /* Resources */ = {
			isa = PBXResourcesBuildPhase;
			buildActionMask = 2147483647;
			files = (
			);
			runOnlyForDeploymentPostprocessing = 0;
		};
/* End PBXResourcesBuildPhase section */

/* Begin PBXSourcesBuildPhase section */
		CE717FCD2A8BF65C00509251 /* Sources */ = {
			isa = PBXSourcesBuildPhase;
			buildActionMask = 2147483647;
			files = (
				CE222C142B47386600550566 /* util.swift in Sources */,
				CE222BE12B47386600550566 /* media.swift in Sources */,
				CE222BD92B47386600550566 /* back_button.swift in Sources */,
				CE222C092B47386600550566 /* connection.swift in Sources */,
				CE222C152B47386600550566 /* json_item.swift in Sources */,
				CE222BDC2B47386600550566 /* image.swift in Sources */,
				CE222BD72B47386600550566 /* error_text.swift in Sources */,
				CE222C0C2B47386600550566 /* error.swift in Sources */,
				CE222C102B47386600550566 /* state_file.swift in Sources */,
				CE222C122B47386600550566 /* json.swift in Sources */,
				CE222C172B47386600550566 /* streamer.swift in Sources */,
				CE222BD52B47386600550566 /* markdown_page.swift in Sources */,
				CE222BD32B47386600550566 /* widget_cache.swift in Sources */,
				CE222BF72B47386600550566 /* row_view.swift in Sources */,
				CE222BFB2B47386600550566 /* table_view.swift in Sources */,
				CE222BF42B47386600550566 /* Weak.swift in Sources */,
				CE222BFD2B47386600550566 /* working.swift in Sources */,
				CE222BFC2B47386600550566 /* view_util.swift in Sources */,
				CE222BF52B47386600550566 /* ApplinApp.swift in Sources */,
				CE222BD82B47386600550566 /* scroll.swift in Sources */,
				CE222BDF2B47386600550566 /* grouped_row_table.swift in Sources */,
				CE222BEF2B47386600550566 /* ApplinPromise.swift in Sources */,
				CE222BD62B47386600550566 /* page.swift in Sources */,
				CE222BF62B47386600550566 /* Label.swift in Sources */,
				CE222BEE2B47386600550566 /* ApplinMutex.swift in Sources */,
				CE222BEB2B47386600550566 /* button.swift in Sources */,
				CE222BE42B47386600550566 /* last_error_text.swift in Sources */,
				CE222BE32B47386600550566 /* form_section.swift in Sources */,
				CE222BF12B47386600550566 /* ApplinLock.swift in Sources */,
				CE222C0B2B47386600550566 /* VarSet.swift in Sources */,
				CE222BD22B47386600550566 /* plain_page.swift in Sources */,
				CE222BE72B47386600550566 /* widget.swift in Sources */,
				CE222C002B47386600550566 /* tappable_view.swift in Sources */,
				CE222C0A2B47386600550566 /* PhotoEditor.swift in Sources */,
				CE222BF02B47386600550566 /* LamportClock.swift in Sources */,
				CE222BE02B47386600550566 /* textfield.swift in Sources */,
				CE222C022B47386600550566 /* LoadingPageController.swift in Sources */,
				CE222BE92B47386600550566 /* checkbox.swift in Sources */,
				CE222C182B47386600550566 /* action.swift in Sources */,
				CE222C132B47386600550566 /* cookies.swift in Sources */,
				CE222C032B47386600550566 /* PaddedLabel.swift in Sources */,
				CE222C042B47386600550566 /* NamedUIView.swift in Sources */,
				CE222BF32B47386600550566 /* RetryMillis.swift in Sources */,
				CE222BDA2B47386600550566 /* empty.swift in Sources */,
				CE222BF82B47386600550566 /* session_status.swift in Sources */,
				CE222C062B47386600550566 /* StaticPages.swift in Sources */,
				CE222BE62B47386600550566 /* row.swift in Sources */,
				CE222BEC2B47386600550566 /* WallClock.swift in Sources */,
				CE222BED2B47386600550566 /* AtomicUInt64.swift in Sources */,
				CE222C052B47386600550566 /* ApplinCustomUrl.swift in Sources */,
				CE222C112B47386600550566 /* Poller.swift in Sources */,
				CE222BDD2B47386600550566 /* widget_util.swift in Sources */,
				CE222BDE2B47386600550566 /* column.swift in Sources */,
				CE222BE82B47386600550566 /* nav_button.swift in Sources */,
				CE222C0F2B47386600550566 /* PageStack.swift in Sources */,
				CE222BDB2B47386600550566 /* selector.swift in Sources */,
				CE222C0D2B47386600550566 /* ServerCaller.swift in Sources */,
				CE222BEA2B47386600550566 /* text.swift in Sources */,
				CE222BF92B47386600550566 /* column_view.swift in Sources */,
				CE222C072B47386600550566 /* ApplinLicenseKey.swift in Sources */,
				CE222C082B47386600550566 /* ApplinConfig.swift in Sources */,
				CE222C192B47386600550566 /* PhotoPicker.swift in Sources */,
				CE222BF22B47386600550566 /* AtomicBool.swift in Sources */,
				CE222BE22B47386600550566 /* form.swift in Sources */,
				CE222BE52B47386600550566 /* form_button.swift in Sources */,
				CE222BD42B47386600550566 /* nav_page.swift in Sources */,
				CE222C0E2B47386600550566 /* PhotoTaker.swift in Sources */,
				CE222BFF2B47386600550566 /* NavigationController.swift in Sources */,
				CE222BFE2B47386600550566 /* badge.swift in Sources */,
				CE222BFA2B47386600550566 /* image_view.swift in Sources */,
				CE222C012B47386600550566 /* ErrorView.swift in Sources */,
				CE222C162B47386600550566 /* ForegounrdPoller.swift in Sources */,
			);
			runOnlyForDeploymentPostprocessing = 0;
		};
		CE71808C2A8BF8AE00509251 /* Sources */ = {
			isa = PBXSourcesBuildPhase;
			buildActionMask = 2147483647;
			files = (
				CE7180AA2A8BF8EF00509251 /* widget_cache_test.swift in Sources */,
				CE7180932A8BF8AE00509251 /* Tests.swift in Sources */,
				CE7180A92A8BF8EF00509251 /* applin_iosTests.swift in Sources */,
			);
			runOnlyForDeploymentPostprocessing = 0;
		};
		CE71809A2A8BF8D500509251 /* Sources */ = {
			isa = PBXSourcesBuildPhase;
			buildActionMask = 2147483647;
			files = (
				CE7180A32A8BF8D500509251 /* UITestsLaunchTests.swift in Sources */,
				CE7180A12A8BF8D500509251 /* UITests.swift in Sources */,
			);
			runOnlyForDeploymentPostprocessing = 0;
		};
/* End PBXSourcesBuildPhase section */

/* Begin PBXTargetDependency section */
		CE7180962A8BF8AE00509251 /* PBXTargetDependency */ = {
			isa = PBXTargetDependency;
			target = CE717FD02A8BF65C00509251 /* ApplinIos */;
			targetProxy = CE7180952A8BF8AE00509251 /* PBXContainerItemProxy */;
		};
/* End PBXTargetDependency section */

/* Begin XCBuildConfiguration section */
		CE717FD62A8BF65C00509251 /* Debug */ = {
			isa = XCBuildConfiguration;
			buildSettings = {
				ALWAYS_SEARCH_USER_PATHS = NO;
				CLANG_ANALYZER_NONNULL = YES;
				CLANG_ANALYZER_NUMBER_OBJECT_CONVERSION = YES_AGGRESSIVE;
				CLANG_CXX_LANGUAGE_STANDARD = "gnu++20";
				CLANG_ENABLE_MODULES = YES;
				CLANG_ENABLE_OBJC_ARC = YES;
				CLANG_ENABLE_OBJC_WEAK = YES;
				CLANG_WARN_BLOCK_CAPTURE_AUTORELEASING = YES;
				CLANG_WARN_BOOL_CONVERSION = YES;
				CLANG_WARN_COMMA = YES;
				CLANG_WARN_CONSTANT_CONVERSION = YES;
				CLANG_WARN_DEPRECATED_OBJC_IMPLEMENTATIONS = YES;
				CLANG_WARN_DIRECT_OBJC_ISA_USAGE = YES_ERROR;
				CLANG_WARN_DOCUMENTATION_COMMENTS = YES;
				CLANG_WARN_EMPTY_BODY = YES;
				CLANG_WARN_ENUM_CONVERSION = YES;
				CLANG_WARN_INFINITE_RECURSION = YES;
				CLANG_WARN_INT_CONVERSION = YES;
				CLANG_WARN_NON_LITERAL_NULL_CONVERSION = YES;
				CLANG_WARN_OBJC_IMPLICIT_RETAIN_SELF = YES;
				CLANG_WARN_OBJC_LITERAL_CONVERSION = YES;
				CLANG_WARN_OBJC_ROOT_CLASS = YES_ERROR;
				CLANG_WARN_QUOTED_INCLUDE_IN_FRAMEWORK_HEADER = YES;
				CLANG_WARN_RANGE_LOOP_ANALYSIS = YES;
				CLANG_WARN_STRICT_PROTOTYPES = YES;
				CLANG_WARN_SUSPICIOUS_MOVE = YES;
				CLANG_WARN_UNGUARDED_AVAILABILITY = YES_AGGRESSIVE;
				CLANG_WARN_UNREACHABLE_CODE = YES;
				CLANG_WARN__DUPLICATE_METHOD_MATCH = YES;
				COPY_PHASE_STRIP = NO;
				DEBUG_INFORMATION_FORMAT = dwarf;
				ENABLE_STRICT_OBJC_MSGSEND = YES;
				ENABLE_TESTABILITY = YES;
				GCC_C_LANGUAGE_STANDARD = gnu11;
				GCC_DYNAMIC_NO_PIC = NO;
				GCC_NO_COMMON_BLOCKS = YES;
				GCC_OPTIMIZATION_LEVEL = 0;
				GCC_PREPROCESSOR_DEFINITIONS = (
					"DEBUG=1",
					"$(inherited)",
				);
				GCC_WARN_64_TO_32_BIT_CONVERSION = YES;
				GCC_WARN_ABOUT_RETURN_TYPE = YES_ERROR;
				GCC_WARN_UNDECLARED_SELECTOR = YES;
				GCC_WARN_UNINITIALIZED_AUTOS = YES_AGGRESSIVE;
				GCC_WARN_UNUSED_FUNCTION = YES;
				GCC_WARN_UNUSED_VARIABLE = YES;
				IPHONEOS_DEPLOYMENT_TARGET = 15.0;
				MTL_ENABLE_DEBUG_INFO = INCLUDE_SOURCE;
				MTL_FAST_MATH = YES;
				ONLY_ACTIVE_ARCH = YES;
				SDKROOT = iphoneos;
				SWIFT_ACTIVE_COMPILATION_CONDITIONS = DEBUG;
				SWIFT_OPTIMIZATION_LEVEL = "-Onone";
			};
			name = Debug;
		};
		CE717FD72A8BF65C00509251 /* Release */ = {
			isa = XCBuildConfiguration;
			buildSettings = {
				ALWAYS_SEARCH_USER_PATHS = NO;
				CLANG_ANALYZER_NONNULL = YES;
				CLANG_ANALYZER_NUMBER_OBJECT_CONVERSION = YES_AGGRESSIVE;
				CLANG_CXX_LANGUAGE_STANDARD = "gnu++20";
				CLANG_ENABLE_MODULES = YES;
				CLANG_ENABLE_OBJC_ARC = YES;
				CLANG_ENABLE_OBJC_WEAK = YES;
				CLANG_WARN_BLOCK_CAPTURE_AUTORELEASING = YES;
				CLANG_WARN_BOOL_CONVERSION = YES;
				CLANG_WARN_COMMA = YES;
				CLANG_WARN_CONSTANT_CONVERSION = YES;
				CLANG_WARN_DEPRECATED_OBJC_IMPLEMENTATIONS = YES;
				CLANG_WARN_DIRECT_OBJC_ISA_USAGE = YES_ERROR;
				CLANG_WARN_DOCUMENTATION_COMMENTS = YES;
				CLANG_WARN_EMPTY_BODY = YES;
				CLANG_WARN_ENUM_CONVERSION = YES;
				CLANG_WARN_INFINITE_RECURSION = YES;
				CLANG_WARN_INT_CONVERSION = YES;
				CLANG_WARN_NON_LITERAL_NULL_CONVERSION = YES;
				CLANG_WARN_OBJC_IMPLICIT_RETAIN_SELF = YES;
				CLANG_WARN_OBJC_LITERAL_CONVERSION = YES;
				CLANG_WARN_OBJC_ROOT_CLASS = YES_ERROR;
				CLANG_WARN_QUOTED_INCLUDE_IN_FRAMEWORK_HEADER = YES;
				CLANG_WARN_RANGE_LOOP_ANALYSIS = YES;
				CLANG_WARN_STRICT_PROTOTYPES = YES;
				CLANG_WARN_SUSPICIOUS_MOVE = YES;
				CLANG_WARN_UNGUARDED_AVAILABILITY = YES_AGGRESSIVE;
				CLANG_WARN_UNREACHABLE_CODE = YES;
				CLANG_WARN__DUPLICATE_METHOD_MATCH = YES;
				COPY_PHASE_STRIP = NO;
				DEBUG_INFORMATION_FORMAT = "dwarf-with-dsym";
				ENABLE_NS_ASSERTIONS = NO;
				ENABLE_STRICT_OBJC_MSGSEND = YES;
				GCC_C_LANGUAGE_STANDARD = gnu11;
				GCC_NO_COMMON_BLOCKS = YES;
				GCC_WARN_64_TO_32_BIT_CONVERSION = YES;
				GCC_WARN_ABOUT_RETURN_TYPE = YES_ERROR;
				GCC_WARN_UNDECLARED_SELECTOR = YES;
				GCC_WARN_UNINITIALIZED_AUTOS = YES_AGGRESSIVE;
				GCC_WARN_UNUSED_FUNCTION = YES;
				GCC_WARN_UNUSED_VARIABLE = YES;
				IPHONEOS_DEPLOYMENT_TARGET = 15.0;
				MTL_ENABLE_DEBUG_INFO = NO;
				MTL_FAST_MATH = YES;
				SDKROOT = iphoneos;
				SWIFT_COMPILATION_MODE = wholemodule;
				SWIFT_OPTIMIZATION_LEVEL = "-O";
				VALIDATE_PRODUCT = YES;
			};
			name = Release;
		};
		CE717FD92A8BF65C00509251 /* Debug */ = {
			isa = XCBuildConfiguration;
			buildSettings = {
				CODE_SIGN_STYLE = Automatic;
				IPHONEOS_DEPLOYMENT_TARGET = 15.0;
				OTHER_LDFLAGS = "-ObjC";
				PRODUCT_NAME = "$(TARGET_NAME)";
				SKIP_INSTALL = YES;
				SWIFT_VERSION = 5.0;
				TARGETED_DEVICE_FAMILY = "1,2";
			};
			name = Debug;
		};
		CE717FDA2A8BF65C00509251 /* Release */ = {
			isa = XCBuildConfiguration;
			buildSettings = {
				CODE_SIGN_STYLE = Automatic;
				IPHONEOS_DEPLOYMENT_TARGET = 15.0;
				OTHER_LDFLAGS = "-ObjC";
				PRODUCT_NAME = "$(TARGET_NAME)";
				SKIP_INSTALL = YES;
				SWIFT_VERSION = 5.0;
				TARGETED_DEVICE_FAMILY = "1,2";
			};
			name = Release;
		};
		CE7180982A8BF8AE00509251 /* Debug */ = {
			isa = XCBuildConfiguration;
			buildSettings = {
				CODE_SIGN_STYLE = Automatic;
				CURRENT_PROJECT_VERSION = 1;
				GENERATE_INFOPLIST_FILE = YES;
				MARKETING_VERSION = 1.0;
				PRODUCT_BUNDLE_IDENTIFIER = com.leonhardllc.Tests;
				PRODUCT_NAME = "$(TARGET_NAME)";
				SWIFT_EMIT_LOC_STRINGS = NO;
				SWIFT_VERSION = 5.0;
				TARGETED_DEVICE_FAMILY = "1,2";
			};
			name = Debug;
		};
		CE7180992A8BF8AE00509251 /* Release */ = {
			isa = XCBuildConfiguration;
			buildSettings = {
				CODE_SIGN_STYLE = Automatic;
				CURRENT_PROJECT_VERSION = 1;
				GENERATE_INFOPLIST_FILE = YES;
				MARKETING_VERSION = 1.0;
				PRODUCT_BUNDLE_IDENTIFIER = com.leonhardllc.Tests;
				PRODUCT_NAME = "$(TARGET_NAME)";
				SWIFT_EMIT_LOC_STRINGS = NO;
				SWIFT_VERSION = 5.0;
				TARGETED_DEVICE_FAMILY = "1,2";
			};
			name = Release;
		};
		CE7180A52A8BF8D500509251 /* Debug */ = {
			isa = XCBuildConfiguration;
			buildSettings = {
				CODE_SIGN_STYLE = Automatic;
				CURRENT_PROJECT_VERSION = 1;
				GENERATE_INFOPLIST_FILE = YES;
				MARKETING_VERSION = 1.0;
				PRODUCT_BUNDLE_IDENTIFIER = com.leonhardllc.UITests;
				PRODUCT_NAME = "$(TARGET_NAME)";
				SWIFT_EMIT_LOC_STRINGS = NO;
				SWIFT_VERSION = 5.0;
				TARGETED_DEVICE_FAMILY = "1,2";
			};
			name = Debug;
		};
		CE7180A62A8BF8D500509251 /* Release */ = {
			isa = XCBuildConfiguration;
			buildSettings = {
				CODE_SIGN_STYLE = Automatic;
				CURRENT_PROJECT_VERSION = 1;
				GENERATE_INFOPLIST_FILE = YES;
				MARKETING_VERSION = 1.0;
				PRODUCT_BUNDLE_IDENTIFIER = com.leonhardllc.UITests;
				PRODUCT_NAME = "$(TARGET_NAME)";
				SWIFT_EMIT_LOC_STRINGS = NO;
				SWIFT_VERSION = 5.0;
				TARGETED_DEVICE_FAMILY = "1,2";
			};
			name = Release;
		};
/* End XCBuildConfiguration section */

/* Begin XCConfigurationList section */
		CE717FCC2A8BF65C00509251 /* Build configuration list for PBXProject "ApplinIos" */ = {
			isa = XCConfigurationList;
			buildConfigurations = (
				CE717FD62A8BF65C00509251 /* Debug */,
				CE717FD72A8BF65C00509251 /* Release */,
			);
			defaultConfigurationIsVisible = 0;
			defaultConfigurationName = Release;
		};
		CE717FD82A8BF65C00509251 /* Build configuration list for PBXNativeTarget "ApplinIos" */ = {
			isa = XCConfigurationList;
			buildConfigurations = (
				CE717FD92A8BF65C00509251 /* Debug */,
				CE717FDA2A8BF65C00509251 /* Release */,
			);
			defaultConfigurationIsVisible = 0;
			defaultConfigurationName = Release;
		};
		CE7180972A8BF8AE00509251 /* Build configuration list for PBXNativeTarget "Tests" */ = {
			isa = XCConfigurationList;
			buildConfigurations = (
				CE7180982A8BF8AE00509251 /* Debug */,
				CE7180992A8BF8AE00509251 /* Release */,
			);
			defaultConfigurationIsVisible = 0;
			defaultConfigurationName = Release;
		};
		CE7180A42A8BF8D500509251 /* Build configuration list for PBXNativeTarget "UITests" */ = {
			isa = XCConfigurationList;
			buildConfigurations = (
				CE7180A52A8BF8D500509251 /* Debug */,
				CE7180A62A8BF8D500509251 /* Release */,
			);
			defaultConfigurationIsVisible = 0;
			defaultConfigurationName = Release;
		};
/* End XCConfigurationList section */
	};
	rootObject = CE717FC92A8BF65C00509251 /* Project object */;
}
